
Microsoft Visual Studio Solution File, Format Version 12.00
# Visual Studio Version 16
VisualStudioVersion = 16.0.32228.343
MinimumVisualStudioVersion = 10.0.40219.1
Project("{FAE04EC0-301F-11D3-BF4B-00C04F79EFBC}") = "TigerTix.Web", "TigerTix.Web.csproj", "{DFD0A95F-60D1-404D-8B86-1886A77F036B}"
EndProject
Global
	GlobalSection(SolutionConfigurationPlatforms) = preSolution
		Debug|Any CPU = Debug|Any CPU
		Release|Any CPU = Release|Any CPU
	EndGlobalSection
	GlobalSection(ProjectConfigurationPlatforms) = postSolution
		{DFD0A95F-60D1-404D-8B86-1886A77F036B}.Debug|Any CPU.ActiveCfg = Debug|Any CPU
		{DFD0A95F-60D1-404D-8B86-1886A77F036B}.Debug|Any CPU.Build.0 = Debug|Any CPU
		{DFD0A95F-60D1-404D-8B86-1886A77F036B}.Release|Any CPU.ActiveCfg = Release|Any CPU
		{DFD0A95F-60D1-404D-8B86-1886A77F036B}.Release|Any CPU.Build.0 = Release|Any CPU
	EndGlobalSection
	GlobalSection(SolutionProperties) = preSolution
		HideSolutionNode = FALSE
	EndGlobalSection
	GlobalSection(ExtensibilityGlobals) = postSolution
		SolutionGuid = {7041659B-AEA1-469B-8FD7-E2B83D1786E5}
	EndGlobalSection
EndGlobal
